
Microsoft Visual Studio Solution File, Format Version 12.00
# Visual Studio Version 16
VisualStudioVersion = 25.0.1700.0
MinimumVisualStudioVersion = 10.0.40219.1
Project("{FAE04EC0-301F-11D3-BF4B-00C04F79EFBC}") = "cs14_paskaita_Class", "cs14_paskaita_Class\cs14_paskaita_Class.csproj", "{5DB9D80A-2C0B-4C5C-9499-A2A90855B4EC}"
EndProject
Global
	GlobalSection(SolutionConfigurationPlatforms) = preSolution
		Debug|Any CPU = Debug|Any CPU
		Release|Any CPU = Release|Any CPU
	EndGlobalSection
	GlobalSection(ProjectConfigurationPlatforms) = postSolution
		{5DB9D80A-2C0B-4C5C-9499-A2A90855B4EC}.Debug|Any CPU.ActiveCfg = Debug|Any CPU
		{5DB9D80A-2C0B-4C5C-9499-A2A90855B4EC}.Debug|Any CPU.Build.0 = Debug|Any CPU
		{5DB9D80A-2C0B-4C5C-9499-A2A90855B4EC}.Release|Any CPU.ActiveCfg = Release|Any CPU
		{5DB9D80A-2C0B-4C5C-9499-A2A90855B4EC}.Release|Any CPU.Build.0 = Release|Any CPU
	EndGlobalSection
	GlobalSection(SolutionProperties) = preSolution
		HideSolutionNode = FALSE
	EndGlobalSection
	GlobalSection(ExtensibilityGlobals) = postSolution
		SolutionGuid = {61E43AB7-0BD7-4D7F-A385-6802426000E7}
	EndGlobalSection
EndGlobal
